
Microsoft Visual Studio Solution File, Format Version 12.00
# Visual Studio Version 17
VisualStudioVersion = 17.10.35027.167
MinimumVisualStudioVersion = 10.0.40219.1
Project("{9A19103F-16F7-4668-BE54-9A1E7A4F7556}") = "图片处理", "图片处理\图片处理.csproj", "{43B140CF-38FD-4403-92EE-3FF31C116E5B}"
EndProject
Project("{2150E333-8FDC-42A3-9474-1A3956D46DE8}") = "解决方案项", "解决方案项", "{A7B2F650-F01A-4468-9CBA-E137B4553E4A}"
EndProject
Global
	GlobalSection(SolutionConfigurationPlatforms) = preSolution
		Debug|Any CPU = Debug|Any CPU
		Release|Any CPU = Release|Any CPU
	EndGlobalSection
	GlobalSection(ProjectConfigurationPlatforms) = postSolution
		{43B140CF-38FD-4403-92EE-3FF31C116E5B}.Debug|Any CPU.ActiveCfg = Debug|Any CPU
		{43B140CF-38FD-4403-92EE-3FF31C116E5B}.Debug|Any CPU.Build.0 = Debug|Any CPU
		{43B140CF-38FD-4403-92EE-3FF31C116E5B}.Release|Any CPU.ActiveCfg = Release|Any CPU
		{43B140CF-38FD-4403-92EE-3FF31C116E5B}.Release|Any CPU.Build.0 = Release|Any CPU
	EndGlobalSection
	GlobalSection(SolutionProperties) = preSolution
		HideSolutionNode = FALSE
	EndGlobalSection
	GlobalSection(ExtensibilityGlobals) = postSolution
		SolutionGuid = {861EE81E-EF5E-4C09-856F-BA3A1171CA4F}
	EndGlobalSection
EndGlobal
